
Microsoft Visual Studio Solution File, Format Version 12.00
# Visual Studio 15
VisualStudioVersion = 15.0.26228.4
MinimumVisualStudioVersion = 10.0.40219.1
Project("{2150E333-8FDC-42A3-9474-1A3956D46DE8}") = "src", "src", "{BD0AC068-C6F3-41C4-BFE1-66B3EAF86E65}"
EndProject
Project("{2150E333-8FDC-42A3-9474-1A3956D46DE8}") = "Solution Items", "Solution Items", "{FE2D56D6-4A12-4757-9ABA-41303308A989}"
	ProjectSection(SolutionItems) = preProject
		README.md = README.md
	EndProjectSection
EndProject
Project("{9A19103F-16F7-4668-BE54-9A1E7A4F7556}") = "EasyDotnet", "src\EasyDotnet\EasyDotnet.csproj", "{2490EEB9-2485-468D-9B16-C359D68D8AE7}"
EndProject
Project("{2150E333-8FDC-42A3-9474-1A3956D46DE8}") = "test", "test", "{777A3D0A-4186-4B01-90E9-BAD2BA6F55F4}"
EndProject
Project("{9A19103F-16F7-4668-BE54-9A1E7A4F7556}") = "EasyDotnetTest", "test\EasyDotnetTest\EasyDotnetTest.csproj", "{F57B799E-B32D-4DC2-B781-A87797102EF5}"
EndProject
Project("{9A19103F-16F7-4668-BE54-9A1E7A4F7556}") = "EasyDotNet.CoreMVC", "src\EasyDotNet.CoreMVC\EasyDotNet.CoreMVC.csproj", "{0F6F8C6B-077F-4A8D-A248-39B74E9FCD22}"
EndProject
Project("{2150E333-8FDC-42A3-9474-1A3956D46DE8}") = "demo", "demo", "{1C612643-D30E-4B12-8FEC-AC07C0AF2C99}"
EndProject
Project("{9A19103F-16F7-4668-BE54-9A1E7A4F7556}") = "DemoWeb", "demo\DemoWeb\DemoWeb.csproj", "{D5F54503-9F47-4BEF-B282-E39D76FDD29D}"
EndProject
Global
	GlobalSection(SolutionConfigurationPlatforms) = preSolution
		Debug|Any CPU = Debug|Any CPU
		Release|Any CPU = Release|Any CPU
	EndGlobalSection
	GlobalSection(ProjectConfigurationPlatforms) = postSolution
		{2490EEB9-2485-468D-9B16-C359D68D8AE7}.Debug|Any CPU.ActiveCfg = Debug|Any CPU
		{2490EEB9-2485-468D-9B16-C359D68D8AE7}.Debug|Any CPU.Build.0 = Debug|Any CPU
		{2490EEB9-2485-468D-9B16-C359D68D8AE7}.Release|Any CPU.ActiveCfg = Release|Any CPU
		{2490EEB9-2485-468D-9B16-C359D68D8AE7}.Release|Any CPU.Build.0 = Release|Any CPU
		{F57B799E-B32D-4DC2-B781-A87797102EF5}.Debug|Any CPU.ActiveCfg = Debug|Any CPU
		{F57B799E-B32D-4DC2-B781-A87797102EF5}.Debug|Any CPU.Build.0 = Debug|Any CPU
		{F57B799E-B32D-4DC2-B781-A87797102EF5}.Release|Any CPU.ActiveCfg = Release|Any CPU
		{F57B799E-B32D-4DC2-B781-A87797102EF5}.Release|Any CPU.Build.0 = Release|Any CPU
		{0F6F8C6B-077F-4A8D-A248-39B74E9FCD22}.Debug|Any CPU.ActiveCfg = Debug|Any CPU
		{0F6F8C6B-077F-4A8D-A248-39B74E9FCD22}.Debug|Any CPU.Build.0 = Debug|Any CPU
		{0F6F8C6B-077F-4A8D-A248-39B74E9FCD22}.Release|Any CPU.ActiveCfg = Release|Any CPU
		{0F6F8C6B-077F-4A8D-A248-39B74E9FCD22}.Release|Any CPU.Build.0 = Release|Any CPU
		{D5F54503-9F47-4BEF-B282-E39D76FDD29D}.Debug|Any CPU.ActiveCfg = Debug|Any CPU
		{D5F54503-9F47-4BEF-B282-E39D76FDD29D}.Debug|Any CPU.Build.0 = Debug|Any CPU
		{D5F54503-9F47-4BEF-B282-E39D76FDD29D}.Release|Any CPU.ActiveCfg = Release|Any CPU
		{D5F54503-9F47-4BEF-B282-E39D76FDD29D}.Release|Any CPU.Build.0 = Release|Any CPU
	EndGlobalSection
	GlobalSection(SolutionProperties) = preSolution
		HideSolutionNode = FALSE
	EndGlobalSection
	GlobalSection(NestedProjects) = preSolution
		{2490EEB9-2485-468D-9B16-C359D68D8AE7} = {BD0AC068-C6F3-41C4-BFE1-66B3EAF86E65}
		{F57B799E-B32D-4DC2-B781-A87797102EF5} = {777A3D0A-4186-4B01-90E9-BAD2BA6F55F4}
		{0F6F8C6B-077F-4A8D-A248-39B74E9FCD22} = {BD0AC068-C6F3-41C4-BFE1-66B3EAF86E65}
		{D5F54503-9F47-4BEF-B282-E39D76FDD29D} = {1C612643-D30E-4B12-8FEC-AC07C0AF2C99}
	EndGlobalSection
EndGlobal
